// !$*UTF8*$!
{
	archiveVersion = 1;
	classes = {
	};
	objectVersion = 50;
	objects = {

/* Begin PBXBuildFile section */
		84CF50095A72F361BA8F1AC7 /* Pods_PingPongRecorder.framework in Frameworks */ = {isa = PBXBuildFile; fileRef = FE44EE2623AFBFE0A9478A3B /* Pods_PingPongRecorder.framework */; };
		BB0AF4F1226FAB77000E0810 /* AppDelegate.swift in Sources */ = {isa = PBXBuildFile; fileRef = BB0AF4F0226FAB77000E0810 /* AppDelegate.swift */; };
		BB0AF4F3226FAB77000E0810 /* GamesVC.swift in Sources */ = {isa = PBXBuildFile; fileRef = BB0AF4F2226FAB77000E0810 /* GamesVC.swift */; };
		BB0AF4F5226FAB77000E0810 /* LeaderboardVC.swift in Sources */ = {isa = PBXBuildFile; fileRef = BB0AF4F4226FAB77000E0810 /* LeaderboardVC.swift */; };
		BB0AF4F8226FAB77000E0810 /* Main.storyboard in Resources */ = {isa = PBXBuildFile; fileRef = BB0AF4F6226FAB77000E0810 /* Main.storyboard */; };
		BB0AF4FD226FAB78000E0810 /* LaunchScreen.storyboard in Resources */ = {isa = PBXBuildFile; fileRef = BB0AF4FB226FAB78000E0810 /* LaunchScreen.storyboard */; };
		BB0AF517226FD907000E0810 /* LoginVC.swift in Sources */ = {isa = PBXBuildFile; fileRef = BB0AF516226FD907000E0810 /* LoginVC.swift */; };
		BB4EAD8922709E9800E2CB3F /* ProfileVC.swift in Sources */ = {isa = PBXBuildFile; fileRef = BB4EAD8822709E9800E2CB3F /* ProfileVC.swift */; };
		BB4EAD902270A32100E2CB3F /* UserValidatorTests.swift in Sources */ = {isa = PBXBuildFile; fileRef = BB4EAD8F2270A32100E2CB3F /* UserValidatorTests.swift */; };
		BB4EAD922270AB8700E2CB3F /* AddGameVC.swift in Sources */ = {isa = PBXBuildFile; fileRef = BB4EAD912270AB8700E2CB3F /* AddGameVC.swift */; };
		BB4EAD9422738B0200E2CB3F /* RegisterVC.swift in Sources */ = {isa = PBXBuildFile; fileRef = BB4EAD9322738B0200E2CB3F /* RegisterVC.swift */; };
		BB5B1E652277EEC0007F517E /* LoadingOverlayView.swift in Sources */ = {isa = PBXBuildFile; fileRef = BB5B1E642277EEC0007F517E /* LoadingOverlayView.swift */; };
		BB5B1E672277F2C0007F517E /* LoadingOverlayView.xib in Resources */ = {isa = PBXBuildFile; fileRef = BB5B1E662277F2C0007F517E /* LoadingOverlayView.xib */; };
		BB5B1E692277FCF1007F517E /* GameCell.swift in Sources */ = {isa = PBXBuildFile; fileRef = BB5B1E682277FCF1007F517E /* GameCell.swift */; };
		BB5B1E6B2277FD0F007F517E /* LeaderboardCell.swift in Sources */ = {isa = PBXBuildFile; fileRef = BB5B1E6A2277FD0F007F517E /* LeaderboardCell.swift */; };
		BB5B1E6E2277FD4C007F517E /* Game.swift in Sources */ = {isa = PBXBuildFile; fileRef = BB5B1E6D2277FD4C007F517E /* Game.swift */; };
		BB5B1E702277FD62007F517E /* User.swift in Sources */ = {isa = PBXBuildFile; fileRef = BB5B1E6F2277FD62007F517E /* User.swift */; };
		BB5B1E7222786EDE007F517E /* UserValidator.swift in Sources */ = {isa = PBXBuildFile; fileRef = BB5B1E7122786EDE007F517E /* UserValidator.swift */; };
		BB85581322776618008FECC0 /* Main.xcassets in Resources */ = {isa = PBXBuildFile; fileRef = BB85581222776618008FECC0 /* Main.xcassets */; };
		BB855815227769AB008FECC0 /* TitleVC.swift in Sources */ = {isa = PBXBuildFile; fileRef = BB855814227769AB008FECC0 /* TitleVC.swift */; };
		F824BF41E30FC6272A3238A9 /* Pods_PingPongRecorderTests.framework in Frameworks */ = {isa = PBXBuildFile; fileRef = 52A484FDE01ED629195C42B4 /* Pods_PingPongRecorderTests.framework */; };
/* End PBXBuildFile section */

/* Begin PBXContainerItemProxy section */
		BB0AF504226FAB78000E0810 /* PBXContainerItemProxy */ = {
			isa = PBXContainerItemProxy;
			containerPortal = BB0AF4E5226FAB77000E0810 /* Project object */;
			proxyType = 1;
			remoteGlobalIDString = BB0AF4EC226FAB77000E0810;
			remoteInfo = PingPongRecorder;
		};
/* End PBXContainerItemProxy section */

/* Begin PBXFileReference section */
		0934778B11B9BBE5492E6A10 /* Pods-PingPongRecorder.debug.xcconfig */ = {isa = PBXFileReference; includeInIndex = 1; lastKnownFileType = text.xcconfig; name = "Pods-PingPongRecorder.debug.xcconfig"; path = "Target Support Files/Pods-PingPongRecorder/Pods-PingPongRecorder.debug.xcconfig"; sourceTree = "<group>"; };
		0CE518C3AA538F76583CF12C /* Pods-PingPongRecorder.release.xcconfig */ = {isa = PBXFileReference; includeInIndex = 1; lastKnownFileType = text.xcconfig; name = "Pods-PingPongRecorder.release.xcconfig"; path = "Target Support Files/Pods-PingPongRecorder/Pods-PingPongRecorder.release.xcconfig"; sourceTree = "<group>"; };
		52A484FDE01ED629195C42B4 /* Pods_PingPongRecorderTests.framework */ = {isa = PBXFileReference; explicitFileType = wrapper.framework; includeInIndex = 0; path = Pods_PingPongRecorderTests.framework; sourceTree = BUILT_PRODUCTS_DIR; };
		BB0AF4ED226FAB77000E0810 /* PingPongRecorder.app */ = {isa = PBXFileReference; explicitFileType = wrapper.application; includeInIndex = 0; path = PingPongRecorder.app; sourceTree = BUILT_PRODUCTS_DIR; };
		BB0AF4F0226FAB77000E0810 /* AppDelegate.swift */ = {isa = PBXFileReference; lastKnownFileType = sourcecode.swift; path = AppDelegate.swift; sourceTree = "<group>"; };
		BB0AF4F2226FAB77000E0810 /* GamesVC.swift */ = {isa = PBXFileReference; lastKnownFileType = sourcecode.swift; path = GamesVC.swift; sourceTree = "<group>"; };
		BB0AF4F4226FAB77000E0810 /* LeaderboardVC.swift */ = {isa = PBXFileReference; lastKnownFileType = sourcecode.swift; path = LeaderboardVC.swift; sourceTree = "<group>"; };
		BB0AF4F7226FAB77000E0810 /* Base */ = {isa = PBXFileReference; lastKnownFileType = file.storyboard; name = Base; path = Base.lproj/Main.storyboard; sourceTree = "<group>"; };
		BB0AF4FC226FAB78000E0810 /* Base */ = {isa = PBXFileReference; lastKnownFileType = file.storyboard; name = Base; path = Base.lproj/LaunchScreen.storyboard; sourceTree = "<group>"; };
		BB0AF4FE226FAB78000E0810 /* Info.plist */ = {isa = PBXFileReference; lastKnownFileType = text.plist.xml; path = Info.plist; sourceTree = "<group>"; };
		BB0AF503226FAB78000E0810 /* PingPongRecorderTests.xctest */ = {isa = PBXFileReference; explicitFileType = wrapper.cfbundle; includeInIndex = 0; path = PingPongRecorderTests.xctest; sourceTree = BUILT_PRODUCTS_DIR; };
		BB0AF509226FAB78000E0810 /* Info.plist */ = {isa = PBXFileReference; lastKnownFileType = text.plist.xml; path = Info.plist; sourceTree = "<group>"; };
		BB0AF516226FD907000E0810 /* LoginVC.swift */ = {isa = PBXFileReference; lastKnownFileType = sourcecode.swift; path = LoginVC.swift; sourceTree = "<group>"; };
		BB4EAD8822709E9800E2CB3F /* ProfileVC.swift */ = {isa = PBXFileReference; lastKnownFileType = sourcecode.swift; path = ProfileVC.swift; sourceTree = "<group>"; };
		BB4EAD8F2270A32100E2CB3F /* UserValidatorTests.swift */ = {isa = PBXFileReference; lastKnownFileType = sourcecode.swift; path = UserValidatorTests.swift; sourceTree = "<group>"; };
		BB4EAD912270AB8700E2CB3F /* AddGameVC.swift */ = {isa = PBXFileReference; lastKnownFileType = sourcecode.swift; path = AddGameVC.swift; sourceTree = "<group>"; };
		BB4EAD9322738B0200E2CB3F /* RegisterVC.swift */ = {isa = PBXFileReference; lastKnownFileType = sourcecode.swift; path = RegisterVC.swift; sourceTree = "<group>"; };
		BB5B1E642277EEC0007F517E /* LoadingOverlayView.swift */ = {isa = PBXFileReference; lastKnownFileType = sourcecode.swift; path = LoadingOverlayView.swift; sourceTree = "<group>"; };
		BB5B1E662277F2C0007F517E /* LoadingOverlayView.xib */ = {isa = PBXFileReference; lastKnownFileType = file.xib; path = LoadingOverlayView.xib; sourceTree = "<group>"; };
		BB5B1E682277FCF1007F517E /* GameCell.swift */ = {isa = PBXFileReference; lastKnownFileType = sourcecode.swift; path = GameCell.swift; sourceTree = "<group>"; };
		BB5B1E6A2277FD0F007F517E /* LeaderboardCell.swift */ = {isa = PBXFileReference; lastKnownFileType = sourcecode.swift; path = LeaderboardCell.swift; sourceTree = "<group>"; };
		BB5B1E6D2277FD4C007F517E /* Game.swift */ = {isa = PBXFileReference; lastKnownFileType = sourcecode.swift; path = Game.swift; sourceTree = "<group>"; };
		BB5B1E6F2277FD62007F517E /* User.swift */ = {isa = PBXFileReference; lastKnownFileType = sourcecode.swift; path = User.swift; sourceTree = "<group>"; };
		BB5B1E7122786EDE007F517E /* UserValidator.swift */ = {isa = PBXFileReference; lastKnownFileType = sourcecode.swift; path = UserValidator.swift; sourceTree = "<group>"; };
		BB801C7A90E0FF4915DE1471 /* Pods-PingPongRecorderTests.debug.xcconfig */ = {isa = PBXFileReference; includeInIndex = 1; lastKnownFileType = text.xcconfig; name = "Pods-PingPongRecorderTests.debug.xcconfig"; path = "Target Support Files/Pods-PingPongRecorderTests/Pods-PingPongRecorderTests.debug.xcconfig"; sourceTree = "<group>"; };
		BB85581222776618008FECC0 /* Main.xcassets */ = {isa = PBXFileReference; lastKnownFileType = folder.assetcatalog; path = Main.xcassets; sourceTree = "<group>"; };
		BB855814227769AB008FECC0 /* TitleVC.swift */ = {isa = PBXFileReference; lastKnownFileType = sourcecode.swift; path = TitleVC.swift; sourceTree = "<group>"; };
		F9AA305E2AC74EA21AF74CAD /* Pods-PingPongRecorderTests.release.xcconfig */ = {isa = PBXFileReference; includeInIndex = 1; lastKnownFileType = text.xcconfig; name = "Pods-PingPongRecorderTests.release.xcconfig"; path = "Target Support Files/Pods-PingPongRecorderTests/Pods-PingPongRecorderTests.release.xcconfig"; sourceTree = "<group>"; };
		FE44EE2623AFBFE0A9478A3B /* Pods_PingPongRecorder.framework */ = {isa = PBXFileReference; explicitFileType = wrapper.framework; includeInIndex = 0; path = Pods_PingPongRecorder.framework; sourceTree = BUILT_PRODUCTS_DIR; };
/* End PBXFileReference section */

/* Begin PBXFrameworksBuildPhase section */
		BB0AF4EA226FAB77000E0810 /* Frameworks */ = {
			isa = PBXFrameworksBuildPhase;
			buildActionMask = 2147483647;
			files = (
				84CF50095A72F361BA8F1AC7 /* Pods_PingPongRecorder.framework in Frameworks */,
			);
			runOnlyForDeploymentPostprocessing = 0;
		};
		BB0AF500226FAB78000E0810 /* Frameworks */ = {
			isa = PBXFrameworksBuildPhase;
			buildActionMask = 2147483647;
			files = (
				F824BF41E30FC6272A3238A9 /* Pods_PingPongRecorderTests.framework in Frameworks */,
			);
			runOnlyForDeploymentPostprocessing = 0;
		};
/* End PBXFrameworksBuildPhase section */

/* Begin PBXGroup section */
		BB0AF4E4226FAB77000E0810 = {
			isa = PBXGroup;
			children = (
				BB0AF4EF226FAB77000E0810 /* PingPongRecorder */,
				BB0AF506226FAB78000E0810 /* PingPongRecorderTests */,
				BB0AF4EE226FAB77000E0810 /* Products */,
				FFC70C756A0C380BC592CDA7 /* Pods */,
				FE16BC50555B3F2618EB2A2C /* Frameworks */,
			);
			sourceTree = "<group>";
		};
		BB0AF4EE226FAB77000E0810 /* Products */ = {
			isa = PBXGroup;
			children = (
				BB0AF4ED226FAB77000E0810 /* PingPongRecorder.app */,
				BB0AF503226FAB78000E0810 /* PingPongRecorderTests.xctest */,
			);
			name = Products;
			sourceTree = "<group>";
		};
		BB0AF4EF226FAB77000E0810 /* PingPongRecorder */ = {
			isa = PBXGroup;
			children = (
				BB5B1E7322786EEB007F517E /* Validation */,
				BB5B1E6C2277FD3F007F517E /* Models */,
				BB0AF51A226FE305000E0810 /* Views */,
				BB0AF512226FAF5B000E0810 /* Controllers */,
				BB0AF4F0226FAB77000E0810 /* AppDelegate.swift */,
				BB0AF4F6226FAB77000E0810 /* Main.storyboard */,
				BB0AF4FB226FAB78000E0810 /* LaunchScreen.storyboard */,
				BB0AF4FE226FAB78000E0810 /* Info.plist */,
				BB85581222776618008FECC0 /* Main.xcassets */,
			);
			path = PingPongRecorder;
			sourceTree = "<group>";
		};
		BB0AF506226FAB78000E0810 /* PingPongRecorderTests */ = {
			isa = PBXGroup;
			children = (
				BB0AF509226FAB78000E0810 /* Info.plist */,
				BB4EAD8F2270A32100E2CB3F /* UserValidatorTests.swift */,
			);
			path = PingPongRecorderTests;
			sourceTree = "<group>";
		};
		BB0AF512226FAF5B000E0810 /* Controllers */ = {
			isa = PBXGroup;
			children = (
				BB0AF4F4226FAB77000E0810 /* LeaderboardVC.swift */,
				BB0AF4F2226FAB77000E0810 /* GamesVC.swift */,
				BB0AF516226FD907000E0810 /* LoginVC.swift */,
				BB4EAD8822709E9800E2CB3F /* ProfileVC.swift */,
				BB4EAD912270AB8700E2CB3F /* AddGameVC.swift */,
				BB4EAD9322738B0200E2CB3F /* RegisterVC.swift */,
				BB855814227769AB008FECC0 /* TitleVC.swift */,
			);
			path = Controllers;
			sourceTree = "<group>";
		};
		BB0AF51A226FE305000E0810 /* Views */ = {
			isa = PBXGroup;
			children = (
				BB5B1E642277EEC0007F517E /* LoadingOverlayView.swift */,
				BB5B1E662277F2C0007F517E /* LoadingOverlayView.xib */,
				BB5B1E682277FCF1007F517E /* GameCell.swift */,
				BB5B1E6A2277FD0F007F517E /* LeaderboardCell.swift */,
			);
			path = Views;
			sourceTree = "<group>";
		};
		BB5B1E6C2277FD3F007F517E /* Models */ = {
			isa = PBXGroup;
			children = (
				BB5B1E6D2277FD4C007F517E /* Game.swift */,
				BB5B1E6F2277FD62007F517E /* User.swift */,
			);
			path = Models;
			sourceTree = "<group>";
		};
		BB5B1E7322786EEB007F517E /* Validation */ = {
			isa = PBXGroup;
			children = (
				BB5B1E7122786EDE007F517E /* UserValidator.swift */,
			);
			path = Validation;
			sourceTree = "<group>";
		};
		FE16BC50555B3F2618EB2A2C /* Frameworks */ = {
			isa = PBXGroup;
			children = (
				FE44EE2623AFBFE0A9478A3B /* Pods_PingPongRecorder.framework */,
				52A484FDE01ED629195C42B4 /* Pods_PingPongRecorderTests.framework */,
			);
			name = Frameworks;
			sourceTree = "<group>";
		};
		FFC70C756A0C380BC592CDA7 /* Pods */ = {
			isa = PBXGroup;
			children = (
				0934778B11B9BBE5492E6A10 /* Pods-PingPongRecorder.debug.xcconfig */,
				0CE518C3AA538F76583CF12C /* Pods-PingPongRecorder.release.xcconfig */,
				BB801C7A90E0FF4915DE1471 /* Pods-PingPongRecorderTests.debug.xcconfig */,
				F9AA305E2AC74EA21AF74CAD /* Pods-PingPongRecorderTests.release.xcconfig */,
			);
			path = Pods;
			sourceTree = "<group>";
		};
/* End PBXGroup section */

/* Begin PBXNativeTarget section */
		BB0AF4EC226FAB77000E0810 /* PingPongRecorder */ = {
			isa = PBXNativeTarget;
			buildConfigurationList = BB0AF50C226FAB78000E0810 /* Build configuration list for PBXNativeTarget "PingPongRecorder" */;
			buildPhases = (
				B4D4075E734FC2759D2EE6C9 /* [CP] Check Pods Manifest.lock */,
				BB0AF4E9226FAB77000E0810 /* Sources */,
				BB0AF4EA226FAB77000E0810 /* Frameworks */,
				BB0AF4EB226FAB77000E0810 /* Resources */,
				3FAB4C696644D7BB0137DC21 /* [CP] Embed Pods Frameworks */,
			);
			buildRules = (
			);
			dependencies = (
			);
			name = PingPongRecorder;
			productName = PingPongRecorder;
			productReference = BB0AF4ED226FAB77000E0810 /* PingPongRecorder.app */;
			productType = "com.apple.product-type.application";
		};
		BB0AF502226FAB78000E0810 /* PingPongRecorderTests */ = {
			isa = PBXNativeTarget;
			buildConfigurationList = BB0AF50F226FAB78000E0810 /* Build configuration list for PBXNativeTarget "PingPongRecorderTests" */;
			buildPhases = (
				D59C0E9CE3EE5A561D0802C6 /* [CP] Check Pods Manifest.lock */,
				BB0AF4FF226FAB78000E0810 /* Sources */,
				BB0AF500226FAB78000E0810 /* Frameworks */,
				BB0AF501226FAB78000E0810 /* Resources */,
			);
			buildRules = (
			);
			dependencies = (
				BB0AF505226FAB78000E0810 /* PBXTargetDependency */,
			);
			name = PingPongRecorderTests;
			productName = PingPongRecorderTests;
			productReference = BB0AF503226FAB78000E0810 /* PingPongRecorderTests.xctest */;
			productType = "com.apple.product-type.bundle.unit-test";
		};
/* End PBXNativeTarget section */

/* Begin PBXProject section */
		BB0AF4E5226FAB77000E0810 /* Project object */ = {
			isa = PBXProject;
			attributes = {
				LastSwiftUpdateCheck = 1010;
				LastUpgradeCheck = 1010;
				ORGANIZATIONNAME = "Chris Magnuson";
				TargetAttributes = {
					BB0AF4EC226FAB77000E0810 = {
						CreatedOnToolsVersion = 10.1;
						LastSwiftMigration = 1020;
					};
					BB0AF502226FAB78000E0810 = {
						CreatedOnToolsVersion = 10.1;
						LastSwiftMigration = 1020;
						TestTargetID = BB0AF4EC226FAB77000E0810;
					};
				};
			};
			buildConfigurationList = BB0AF4E8226FAB77000E0810 /* Build configuration list for PBXProject "PingPongRecorder" */;
			compatibilityVersion = "Xcode 9.3";
			developmentRegion = en;
			hasScannedForEncodings = 0;
			knownRegions = (
				en,
				Base,
			);
			mainGroup = BB0AF4E4226FAB77000E0810;
			productRefGroup = BB0AF4EE226FAB77000E0810 /* Products */;
			projectDirPath = "";
			projectRoot = "";
			targets = (
				BB0AF4EC226FAB77000E0810 /* PingPongRecorder */,
				BB0AF502226FAB78000E0810 /* PingPongRecorderTests */,
			);
		};
/* End PBXProject section */

/* Begin PBXResourcesBuildPhase section */
		BB0AF4EB226FAB77000E0810 /* Resources */ = {
			isa = PBXResourcesBuildPhase;
			buildActionMask = 2147483647;
			files = (
				BB0AF4FD226FAB78000E0810 /* LaunchScreen.storyboard in Resources */,
				BB85581322776618008FECC0 /* Main.xcassets in Resources */,
				BB5B1E672277F2C0007F517E /* LoadingOverlayView.xib in Resources */,
				BB0AF4F8226FAB77000E0810 /* Main.storyboard in Resources */,
			);
			runOnlyForDeploymentPostprocessing = 0;
		};
		BB0AF501226FAB78000E0810 /* Resources */ = {
			isa = PBXResourcesBuildPhase;
			buildActionMask = 2147483647;
			files = (
			);
			runOnlyForDeploymentPostprocessing = 0;
		};
/* End PBXResourcesBuildPhase section */

/* Begin PBXShellScriptBuildPhase section */
		3FAB4C696644D7BB0137DC21 /* [CP] Embed Pods Frameworks */ = {
			isa = PBXShellScriptBuildPhase;
			buildActionMask = 2147483647;
			files = (
			);
			inputFileListPaths = (
			);
			inputPaths = (
				"${PODS_ROOT}/Target Support Files/Pods-PingPongRecorder/Pods-PingPongRecorder-frameworks.sh",
				"${BUILT_PRODUCTS_DIR}/Alamofire/Alamofire.framework",
			);
			name = "[CP] Embed Pods Frameworks";
			outputFileListPaths = (
			);
			outputPaths = (
				"${TARGET_BUILD_DIR}/${FRAMEWORKS_FOLDER_PATH}/Alamofire.framework",
			);
			runOnlyForDeploymentPostprocessing = 0;
			shellPath = /bin/sh;
			shellScript = "\"${PODS_ROOT}/Target Support Files/Pods-PingPongRecorder/Pods-PingPongRecorder-frameworks.sh\"\n";
			showEnvVarsInLog = 0;
		};
		B4D4075E734FC2759D2EE6C9 /* [CP] Check Pods Manifest.lock */ = {
			isa = PBXShellScriptBuildPhase;
			buildActionMask = 2147483647;
			files = (
			);
			inputFileListPaths = (
			);
			inputPaths = (
				"${PODS_PODFILE_DIR_PATH}/Podfile.lock",
				"${PODS_ROOT}/Manifest.lock",
			);
			name = "[CP] Check Pods Manifest.lock";
			outputFileListPaths = (
			);
			outputPaths = (
				"$(DERIVED_FILE_DIR)/Pods-PingPongRecorder-checkManifestLockResult.txt",
			);
			runOnlyForDeploymentPostprocessing = 0;
			shellPath = /bin/sh;
			shellScript = "diff \"${PODS_PODFILE_DIR_PATH}/Podfile.lock\" \"${PODS_ROOT}/Manifest.lock\" > /dev/null\nif [ $? != 0 ] ; then\n    # print error to STDERR\n    echo \"error: The sandbox is not in sync with the Podfile.lock. Run 'pod install' or update your CocoaPods installation.\" >&2\n    exit 1\nfi\n# This output is used by Xcode 'outputs' to avoid re-running this script phase.\necho \"SUCCESS\" > \"${SCRIPT_OUTPUT_FILE_0}\"\n";
			showEnvVarsInLog = 0;
		};
		D59C0E9CE3EE5A561D0802C6 /* [CP] Check Pods Manifest.lock */ = {
			isa = PBXShellScriptBuildPhase;
			buildActionMask = 2147483647;
			files = (
			);
			inputFileListPaths = (
			);
			inputPaths = (
				"${PODS_PODFILE_DIR_PATH}/Podfile.lock",
				"${PODS_ROOT}/Manifest.lock",
			);
			name = "[CP] Check Pods Manifest.lock";
			outputFileListPaths = (
			);
			outputPaths = (
				"$(DERIVED_FILE_DIR)/Pods-PingPongRecorderTests-checkManifestLockResult.txt",
			);
			runOnlyForDeploymentPostprocessing = 0;
			shellPath = /bin/sh;
			shellScript = "diff \"${PODS_PODFILE_DIR_PATH}/Podfile.lock\" \"${PODS_ROOT}/Manifest.lock\" > /dev/null\nif [ $? != 0 ] ; then\n    # print error to STDERR\n    echo \"error: The sandbox is not in sync with the Podfile.lock. Run 'pod install' or update your CocoaPods installation.\" >&2\n    exit 1\nfi\n# This output is used by Xcode 'outputs' to avoid re-running this script phase.\necho \"SUCCESS\" > \"${SCRIPT_OUTPUT_FILE_0}\"\n";
			showEnvVarsInLog = 0;
		};
/* End PBXShellScriptBuildPhase section */

/* Begin PBXSourcesBuildPhase section */
		BB0AF4E9226FAB77000E0810 /* Sources */ = {
			isa = PBXSourcesBuildPhase;
			buildActionMask = 2147483647;
			files = (
				BB5B1E702277FD62007F517E /* User.swift in Sources */,
				BB4EAD8922709E9800E2CB3F /* ProfileVC.swift in Sources */,
				BB5B1E6B2277FD0F007F517E /* LeaderboardCell.swift in Sources */,
				BB5B1E7222786EDE007F517E /* UserValidator.swift in Sources */,
				BB4EAD9422738B0200E2CB3F /* RegisterVC.swift in Sources */,
				BB855815227769AB008FECC0 /* TitleVC.swift in Sources */,
				BB5B1E692277FCF1007F517E /* GameCell.swift in Sources */,
				BB5B1E652277EEC0007F517E /* LoadingOverlayView.swift in Sources */,
				BB0AF517226FD907000E0810 /* LoginVC.swift in Sources */,
				BB5B1E6E2277FD4C007F517E /* Game.swift in Sources */,
				BB0AF4F5226FAB77000E0810 /* LeaderboardVC.swift in Sources */,
				BB0AF4F1226FAB77000E0810 /* AppDelegate.swift in Sources */,
				BB0AF4F3226FAB77000E0810 /* GamesVC.swift in Sources */,
				BB4EAD922270AB8700E2CB3F /* AddGameVC.swift in Sources */,
			);
			runOnlyForDeploymentPostprocessing = 0;
		};
		BB0AF4FF226FAB78000E0810 /* Sources */ = {
			isa = PBXSourcesBuildPhase;
			buildActionMask = 2147483647;
			files = (
				BB4EAD902270A32100E2CB3F /* UserValidatorTests.swift in Sources */,
			);
			runOnlyForDeploymentPostprocessing = 0;
		};
/* End PBXSourcesBuildPhase section */

/* Begin PBXTargetDependency section */
		BB0AF505226FAB78000E0810 /* PBXTargetDependency */ = {
			isa = PBXTargetDependency;
			target = BB0AF4EC226FAB77000E0810 /* PingPongRecorder */;
			targetProxy = BB0AF504226FAB78000E0810 /* PBXContainerItemProxy */;
		};
/* End PBXTargetDependency section */

/* Begin PBXVariantGroup section */
		BB0AF4F6226FAB77000E0810 /* Main.storyboard */ = {
			isa = PBXVariantGroup;
			children = (
				BB0AF4F7226FAB77000E0810 /* Base */,
			);
			name = Main.storyboard;
			sourceTree = "<group>";
		};
		BB0AF4FB226FAB78000E0810 /* LaunchScreen.storyboard */ = {
			isa = PBXVariantGroup;
			children = (
				BB0AF4FC226FAB78000E0810 /* Base */,
			);
			name = LaunchScreen.storyboard;
			sourceTree = "<group>";
		};
/* End PBXVariantGroup section */

/* Begin XCBuildConfiguration section */
		BB0AF50A226FAB78000E0810 /* Debug */ = {
			isa = XCBuildConfiguration;
			buildSettings = {
				ALWAYS_SEARCH_USER_PATHS = NO;
				CLANG_ANALYZER_NONNULL = YES;
				CLANG_ANALYZER_NUMBER_OBJECT_CONVERSION = YES_AGGRESSIVE;
				CLANG_CXX_LANGUAGE_STANDARD = "gnu++14";
				CLANG_CXX_LIBRARY = "libc++";
				CLANG_ENABLE_MODULES = YES;
				CLANG_ENABLE_OBJC_ARC = YES;
				CLANG_ENABLE_OBJC_WEAK = YES;
				CLANG_WARN_BLOCK_CAPTURE_AUTORELEASING = YES;
				CLANG_WARN_BOOL_CONVERSION = YES;
				CLANG_WARN_COMMA = YES;
				CLANG_WARN_CONSTANT_CONVERSION = YES;
				CLANG_WARN_DEPRECATED_OBJC_IMPLEMENTATIONS = YES;
				CLANG_WARN_DIRECT_OBJC_ISA_USAGE = YES_ERROR;
				CLANG_WARN_DOCUMENTATION_COMMENTS = YES;
				CLANG_WARN_EMPTY_BODY = YES;
				CLANG_WARN_ENUM_CONVERSION = YES;
				CLANG_WARN_INFINITE_RECURSION = YES;
				CLANG_WARN_INT_CONVERSION = YES;
				CLANG_WARN_NON_LITERAL_NULL_CONVERSION = YES;
				CLANG_WARN_OBJC_IMPLICIT_RETAIN_SELF = YES;
				CLANG_WARN_OBJC_LITERAL_CONVERSION = YES;
				CLANG_WARN_OBJC_ROOT_CLASS = YES_ERROR;
				CLANG_WARN_RANGE_LOOP_ANALYSIS = YES;
				CLANG_WARN_STRICT_PROTOTYPES = YES;
				CLANG_WARN_SUSPICIOUS_MOVE = YES;
				CLANG_WARN_UNGUARDED_AVAILABILITY = YES_AGGRESSIVE;
				CLANG_WARN_UNREACHABLE_CODE = YES;
				CLANG_WARN__DUPLICATE_METHOD_MATCH = YES;
				CODE_SIGN_IDENTITY = "iPhone Developer";
				COPY_PHASE_STRIP = NO;
				DEBUG_INFORMATION_FORMAT = dwarf;
				ENABLE_STRICT_OBJC_MSGSEND = YES;
				ENABLE_TESTABILITY = YES;
				GCC_C_LANGUAGE_STANDARD = gnu11;
				GCC_DYNAMIC_NO_PIC = NO;
				GCC_NO_COMMON_BLOCKS = YES;
				GCC_OPTIMIZATION_LEVEL = 0;
				GCC_PREPROCESSOR_DEFINITIONS = (
					"DEBUG=1",
					"$(inherited)",
				);
				GCC_WARN_64_TO_32_BIT_CONVERSION = YES;
				GCC_WARN_ABOUT_RETURN_TYPE = YES_ERROR;
				GCC_WARN_UNDECLARED_SELECTOR = YES;
				GCC_WARN_UNINITIALIZED_AUTOS = YES_AGGRESSIVE;
				GCC_WARN_UNUSED_FUNCTION = YES;
				GCC_WARN_UNUSED_VARIABLE = YES;
				IPHONEOS_DEPLOYMENT_TARGET = 12.1;
				MTL_ENABLE_DEBUG_INFO = INCLUDE_SOURCE;
				MTL_FAST_MATH = YES;
				ONLY_ACTIVE_ARCH = YES;
				SDKROOT = iphoneos;
				SWIFT_ACTIVE_COMPILATION_CONDITIONS = DEBUG;
				SWIFT_OPTIMIZATION_LEVEL = "-Onone";
			};
			name = Debug;
		};
		BB0AF50B226FAB78000E0810 /* Release */ = {
			isa = XCBuildConfiguration;
			buildSettings = {
				ALWAYS_SEARCH_USER_PATHS = NO;
				CLANG_ANALYZER_NONNULL = YES;
				CLANG_ANALYZER_NUMBER_OBJECT_CONVERSION = YES_AGGRESSIVE;
				CLANG_CXX_LANGUAGE_STANDARD = "gnu++14";
				CLANG_CXX_LIBRARY = "libc++";
				CLANG_ENABLE_MODULES = YES;
				CLANG_ENABLE_OBJC_ARC = YES;
				CLANG_ENABLE_OBJC_WEAK = YES;
				CLANG_WARN_BLOCK_CAPTURE_AUTORELEASING = YES;
				CLANG_WARN_BOOL_CONVERSION = YES;
				CLANG_WARN_COMMA = YES;
				CLANG_WARN_CONSTANT_CONVERSION = YES;
				CLANG_WARN_DEPRECATED_OBJC_IMPLEMENTATIONS = YES;
				CLANG_WARN_DIRECT_OBJC_ISA_USAGE = YES_ERROR;
				CLANG_WARN_DOCUMENTATION_COMMENTS = YES;
				CLANG_WARN_EMPTY_BODY = YES;
				CLANG_WARN_ENUM_CONVERSION = YES;
				CLANG_WARN_INFINITE_RECURSION = YES;
				CLANG_WARN_INT_CONVERSION = YES;
				CLANG_WARN_NON_LITERAL_NULL_CONVERSION = YES;
				CLANG_WARN_OBJC_IMPLICIT_RETAIN_SELF = YES;
				CLANG_WARN_OBJC_LITERAL_CONVERSION = YES;
				CLANG_WARN_OBJC_ROOT_CLASS = YES_ERROR;
				CLANG_WARN_RANGE_LOOP_ANALYSIS = YES;
				CLANG_WARN_STRICT_PROTOTYPES = YES;
				CLANG_WARN_SUSPICIOUS_MOVE = YES;
				CLANG_WARN_UNGUARDED_AVAILABILITY = YES_AGGRESSIVE;
				CLANG_WARN_UNREACHABLE_CODE = YES;
				CLANG_WARN__DUPLICATE_METHOD_MATCH = YES;
				CODE_SIGN_IDENTITY = "iPhone Developer";
				COPY_PHASE_STRIP = NO;
				DEBUG_INFORMATION_FORMAT = "dwarf-with-dsym";
				ENABLE_NS_ASSERTIONS = NO;
				ENABLE_STRICT_OBJC_MSGSEND = YES;
				GCC_C_LANGUAGE_STANDARD = gnu11;
				GCC_NO_COMMON_BLOCKS = YES;
				GCC_WARN_64_TO_32_BIT_CONVERSION = YES;
				GCC_WARN_ABOUT_RETURN_TYPE = YES_ERROR;
				GCC_WARN_UNDECLARED_SELECTOR = YES;
				GCC_WARN_UNINITIALIZED_AUTOS = YES_AGGRESSIVE;
				GCC_WARN_UNUSED_FUNCTION = YES;
				GCC_WARN_UNUSED_VARIABLE = YES;
				IPHONEOS_DEPLOYMENT_TARGET = 12.1;
				MTL_ENABLE_DEBUG_INFO = NO;
				MTL_FAST_MATH = YES;
				SDKROOT = iphoneos;
				SWIFT_COMPILATION_MODE = wholemodule;
				SWIFT_OPTIMIZATION_LEVEL = "-O";
				VALIDATE_PRODUCT = YES;
			};
			name = Release;
		};
		BB0AF50D226FAB78000E0810 /* Debug */ = {
			isa = XCBuildConfiguration;
			baseConfigurationReference = 0934778B11B9BBE5492E6A10 /* Pods-PingPongRecorder.debug.xcconfig */;
			buildSettings = {
				ASSETCATALOG_COMPILER_APPICON_NAME = AppIcon;
				CODE_SIGN_STYLE = Automatic;
				DEVELOPMENT_TEAM = SSADH92LUJ;
				INFOPLIST_FILE = PingPongRecorder/Info.plist;
				LD_RUNPATH_SEARCH_PATHS = (
					"$(inherited)",
					"@executable_path/Frameworks",
				);
				PRODUCT_BUNDLE_IDENTIFIER = com.chrismagnuson.PingPongRecorder;
				PRODUCT_NAME = "$(TARGET_NAME)";
				SWIFT_VERSION = 5.0;
				TARGETED_DEVICE_FAMILY = 1;
			};
			name = Debug;
		};
		BB0AF50E226FAB78000E0810 /* Release */ = {
			isa = XCBuildConfiguration;
			baseConfigurationReference = 0CE518C3AA538F76583CF12C /* Pods-PingPongRecorder.release.xcconfig */;
			buildSettings = {
				ASSETCATALOG_COMPILER_APPICON_NAME = AppIcon;
				CODE_SIGN_STYLE = Automatic;
				DEVELOPMENT_TEAM = SSADH92LUJ;
				INFOPLIST_FILE = PingPongRecorder/Info.plist;
				LD_RUNPATH_SEARCH_PATHS = (
					"$(inherited)",
					"@executable_path/Frameworks",
				);
				PRODUCT_BUNDLE_IDENTIFIER = com.chrismagnuson.PingPongRecorder;
				PRODUCT_NAME = "$(TARGET_NAME)";
				SWIFT_VERSION = 5.0;
				TARGETED_DEVICE_FAMILY = 1;
			};
			name = Release;
		};
		BB0AF510226FAB78000E0810 /* Debug */ = {
			isa = XCBuildConfiguration;
			baseConfigurationReference = BB801C7A90E0FF4915DE1471 /* Pods-PingPongRecorderTests.debug.xcconfig */;
			buildSettings = {
				ALWAYS_EMBED_SWIFT_STANDARD_LIBRARIES = YES;
				BUNDLE_LOADER = "$(TEST_HOST)";
				CODE_SIGN_STYLE = Automatic;
				DEVELOPMENT_TEAM = SSADH92LUJ;
				INFOPLIST_FILE = PingPongRecorderTests/Info.plist;
				LD_RUNPATH_SEARCH_PATHS = (
					"$(inherited)",
					"@executable_path/Frameworks",
					"@loader_path/Frameworks",
				);
				PRODUCT_BUNDLE_IDENTIFIER = com.chrismagnuson.PingPongRecorderTests;
				PRODUCT_NAME = "$(TARGET_NAME)";
				SWIFT_VERSION = 5.0;
				TARGETED_DEVICE_FAMILY = "1,2";
				TEST_HOST = "$(BUILT_PRODUCTS_DIR)/PingPongRecorder.app/PingPongRecorder";
			};
			name = Debug;
		};
		BB0AF511226FAB78000E0810 /* Release */ = {
			isa = XCBuildConfiguration;
			baseConfigurationReference = F9AA305E2AC74EA21AF74CAD /* Pods-PingPongRecorderTests.release.xcconfig */;
			buildSettings = {
				ALWAYS_EMBED_SWIFT_STANDARD_LIBRARIES = YES;
				BUNDLE_LOADER = "$(TEST_HOST)";
				CODE_SIGN_STYLE = Automatic;
				DEVELOPMENT_TEAM = SSADH92LUJ;
				INFOPLIST_FILE = PingPongRecorderTests/Info.plist;
				LD_RUNPATH_SEARCH_PATHS = (
					"$(inherited)",
					"@executable_path/Frameworks",
					"@loader_path/Frameworks",
				);
				PRODUCT_BUNDLE_IDENTIFIER = com.chrismagnuson.PingPongRecorderTests;
				PRODUCT_NAME = "$(TARGET_NAME)";
				SWIFT_VERSION = 5.0;
				TARGETED_DEVICE_FAMILY = "1,2";
				TEST_HOST = "$(BUILT_PRODUCTS_DIR)/PingPongRecorder.app/PingPongRecorder";
			};
			name = Release;
		};
/* End XCBuildConfiguration section */

/* Begin XCConfigurationList section */
		BB0AF4E8226FAB77000E0810 /* Build configuration list for PBXProject "PingPongRecorder" */ = {
			isa = XCConfigurationList;
			buildConfigurations = (
				BB0AF50A226FAB78000E0810 /* Debug */,
				BB0AF50B226FAB78000E0810 /* Release */,
			);
			defaultConfigurationIsVisible = 0;
			defaultConfigurationName = Release;
		};
		BB0AF50C226FAB78000E0810 /* Build configuration list for PBXNativeTarget "PingPongRecorder" */ = {
			isa = XCConfigurationList;
			buildConfigurations = (
				BB0AF50D226FAB78000E0810 /* Debug */,
				BB0AF50E226FAB78000E0810 /* Release */,
			);
			defaultConfigurationIsVisible = 0;
			defaultConfigurationName = Release;
		};
		BB0AF50F226FAB78000E0810 /* Build configuration list for PBXNativeTarget "PingPongRecorderTests" */ = {
			isa = XCConfigurationList;
			buildConfigurations = (
				BB0AF510226FAB78000E0810 /* Debug */,
				BB0AF511226FAB78000E0810 /* Release */,
			);
			defaultConfigurationIsVisible = 0;
			defaultConfigurationName = Release;
		};
/* End XCConfigurationList section */
	};
	rootObject = BB0AF4E5226FAB77000E0810 /* Project object */;
}
